<Solution>
  <Folder Name="/Solution Items/">
    <File Path="README.md" />
  </Folder>
  <Project Path="NoName.Application/NoName.Application.csproj" />
  <Project Path="NoName.Data/NoName.Data.csproj" />
  <Project Path="NoName.WeApp1/NoName.WeApp.csproj" />
  <Project Path="Noname/Noname.csproj" />
</Solution>
