Microsoft Visual Studio Solution File, Format Version 12.00
# Visual Studio Version 17
VisualStudioVersion = 17.5.2.0
MinimumVisualStudioVersion = 10.0.40219.1
Project("{2150E333-8FDC-42A3-9474-1A3956D46DE8}") = "client", "client", "{2CB42F12-E813-91B3-7D11-3220E40BEF4A}"
EndProject
Project("{2150E333-8FDC-42A3-9474-1A3956D46DE8}") = "src", "src", "{827E0CD3-B72D-47B6-A68D-7590B98EB39B}"
EndProject
Project("{2150E333-8FDC-42A3-9474-1A3956D46DE8}") = "test", "test", "{0C88DD14-F956-CE84-757C-A364CCF449FC}"
EndProject
Project("{FAE04EC0-301F-11D3-BF4B-00C04F79EFBC}") = "NoName.AdminApp", "client\NoName.AdminApp\NoName.AdminApp.csproj", "{B99FBAE3-8070-A0D9-3009-2BE5639685CA}"
EndProject
Project("{FAE04EC0-301F-11D3-BF4B-00C04F79EFBC}") = "NoName.Application", "src\NoName.Application\NoName.Application.csproj", "{07F1EEC6-39C1-1B61-B523-5E8EC43965BE}"
EndProject
Project("{FAE04EC0-301F-11D3-BF4B-00C04F79EFBC}") = "NoName.BackendApi", "src\NoName.BackendApi\NoName.BackendApi.csproj", "{D1F69D58-FB38-60EC-595C-EB7E576D6C4A}"
EndProject
Project("{FAE04EC0-301F-11D3-BF4B-00C04F79EFBC}") = "NoName.Domain", "src\NoName.Domain\NoName.Domain.csproj", "{238421D2-A20B-1640-479F-236AE42FF6B2}"
EndProject
Project("{FAE04EC0-301F-11D3-BF4B-00C04F79EFBC}") = "NoName.Infrastructure", "src\NoName.Infrastructure\NoName.Infrastructure.csproj", "{EE1535D3-BA0E-7FFA-7003-442699616157}"
EndProject
Project("{FAE04EC0-301F-11D3-BF4B-00C04F79EFBC}") = "NoName.Shared", "src\NoName.Shared\NoName.Shared.csproj", "{905D5123-803A-668F-0B8C-4BA04FD7CD8B}"
EndProject
Project("{FAE04EC0-301F-11D3-BF4B-00C04F79EFBC}") = "NoName.Application.UnitTest", "test\NoName.Application.UnitTest\NoName.Application.UnitTest.csproj", "{7FCDAF3D-16FB-78F6-2B9F-76E2D78411F3}"
EndProject
Project("{FAE04EC0-301F-11D3-BF4B-00C04F79EFBC}") = "NoName.BackEndApi.UnitTest", "test\NoName.BackEndApi.UnitTest\NoName.BackEndApi.UnitTest.csproj", "{9E1419C3-CD08-70F4-CCE0-F7CA1D83B661}"
EndProject
Global
	GlobalSection(SolutionConfigurationPlatforms) = preSolution
		Debug|Any CPU = Debug|Any CPU
		Release|Any CPU = Release|Any CPU
	EndGlobalSection
	GlobalSection(ProjectConfigurationPlatforms) = postSolution
		{B99FBAE3-8070-A0D9-3009-2BE5639685CA}.Debug|Any CPU.ActiveCfg = Debug|Any CPU
		{B99FBAE3-8070-A0D9-3009-2BE5639685CA}.Debug|Any CPU.Build.0 = Debug|Any CPU
		{B99FBAE3-8070-A0D9-3009-2BE5639685CA}.Release|Any CPU.ActiveCfg = Release|Any CPU
		{B99FBAE3-8070-A0D9-3009-2BE5639685CA}.Release|Any CPU.Build.0 = Release|Any CPU
		{07F1EEC6-39C1-1B61-B523-5E8EC43965BE}.Debug|Any CPU.ActiveCfg = Debug|Any CPU
		{07F1EEC6-39C1-1B61-B523-5E8EC43965BE}.Debug|Any CPU.Build.0 = Debug|Any CPU
		{07F1EEC6-39C1-1B61-B523-5E8EC43965BE}.Release|Any CPU.ActiveCfg = Release|Any CPU
		{07F1EEC6-39C1-1B61-B523-5E8EC43965BE}.Release|Any CPU.Build.0 = Release|Any CPU
		{D1F69D58-FB38-60EC-595C-EB7E576D6C4A}.Debug|Any CPU.ActiveCfg = Debug|Any CPU
		{D1F69D58-FB38-60EC-595C-EB7E576D6C4A}.Debug|Any CPU.Build.0 = Debug|Any CPU
		{D1F69D58-FB38-60EC-595C-EB7E576D6C4A}.Release|Any CPU.ActiveCfg = Release|Any CPU
		{D1F69D58-FB38-60EC-595C-EB7E576D6C4A}.Release|Any CPU.Build.0 = Release|Any CPU
		{238421D2-A20B-1640-479F-236AE42FF6B2}.Debug|Any CPU.ActiveCfg = Debug|Any CPU
		{238421D2-A20B-1640-479F-236AE42FF6B2}.Debug|Any CPU.Build.0 = Debug|Any CPU
		{238421D2-A20B-1640-479F-236AE42FF6B2}.Release|Any CPU.ActiveCfg = Release|Any CPU
		{238421D2-A20B-1640-479F-236AE42FF6B2}.Release|Any CPU.Build.0 = Release|Any CPU
		{EE1535D3-BA0E-7FFA-7003-442699616157}.Debug|Any CPU.ActiveCfg = Debug|Any CPU
		{EE1535D3-BA0E-7FFA-7003-442699616157}.Debug|Any CPU.Build.0 = Debug|Any CPU
		{EE1535D3-BA0E-7FFA-7003-442699616157}.Release|Any CPU.ActiveCfg = Release|Any CPU
		{EE1535D3-BA0E-7FFA-7003-442699616157}.Release|Any CPU.Build.0 = Release|Any CPU
		{905D5123-803A-668F-0B8C-4BA04FD7CD8B}.Debug|Any CPU.ActiveCfg = Debug|Any CPU
		{905D5123-803A-668F-0B8C-4BA04FD7CD8B}.Debug|Any CPU.Build.0 = Debug|Any CPU
		{905D5123-803A-668F-0B8C-4BA04FD7CD8B}.Release|Any CPU.ActiveCfg = Release|Any CPU
		{905D5123-803A-668F-0B8C-4BA04FD7CD8B}.Release|Any CPU.Build.0 = Release|Any CPU
		{7FCDAF3D-16FB-78F6-2B9F-76E2D78411F3}.Debug|Any CPU.ActiveCfg = Debug|Any CPU
		{7FCDAF3D-16FB-78F6-2B9F-76E2D78411F3}.Debug|Any CPU.Build.0 = Debug|Any CPU
		{7FCDAF3D-16FB-78F6-2B9F-76E2D78411F3}.Release|Any CPU.ActiveCfg = Release|Any CPU
		{7FCDAF3D-16FB-78F6-2B9F-76E2D78411F3}.Release|Any CPU.Build.0 = Release|Any CPU
		{9E1419C3-CD08-70F4-CCE0-F7CA1D83B661}.Debug|Any CPU.ActiveCfg = Debug|Any CPU
		{9E1419C3-CD08-70F4-CCE0-F7CA1D83B661}.Debug|Any CPU.Build.0 = Debug|Any CPU
		{9E1419C3-CD08-70F4-CCE0-F7CA1D83B661}.Release|Any CPU.ActiveCfg = Release|Any CPU
		{9E1419C3-CD08-70F4-CCE0-F7CA1D83B661}.Release|Any CPU.Build.0 = Release|Any CPU
	EndGlobalSection
	GlobalSection(SolutionProperties) = preSolution
		HideSolutionNode = FALSE
	EndGlobalSection
	GlobalSection(NestedProjects) = preSolution
		{B99FBAE3-8070-A0D9-3009-2BE5639685CA} = {2CB42F12-E813-91B3-7D11-3220E40BEF4A}
		{07F1EEC6-39C1-1B61-B523-5E8EC43965BE} = {827E0CD3-B72D-47B6-A68D-7590B98EB39B}
		{D1F69D58-FB38-60EC-595C-EB7E576D6C4A} = {827E0CD3-B72D-47B6-A68D-7590B98EB39B}
		{238421D2-A20B-1640-479F-236AE42FF6B2} = {827E0CD3-B72D-47B6-A68D-7590B98EB39B}
		{EE1535D3-BA0E-7FFA-7003-442699616157} = {827E0CD3-B72D-47B6-A68D-7590B98EB39B}
		{905D5123-803A-668F-0B8C-4BA04FD7CD8B} = {827E0CD3-B72D-47B6-A68D-7590B98EB39B}
		{7FCDAF3D-16FB-78F6-2B9F-76E2D78411F3} = {0C88DD14-F956-CE84-757C-A364CCF449FC}
		{9E1419C3-CD08-70F4-CCE0-F7CA1D83B661} = {0C88DD14-F956-CE84-757C-A364CCF449FC}
	EndGlobalSection
	GlobalSection(ExtensibilityGlobals) = postSolution
		SolutionGuid = {0336DEBE-CCF3-49F2-AC56-FD92B67C3D99}
	EndGlobalSection
EndGlobal
